{
  "object": {
    "pins": [
      {
        "package": "Gallery",
        "repositoryURL": "git@github.com:hyperoslo/Gallery.git",
        "state": {
          "branch": "master",
          "revision": "ac4ab785951c82d9a4ab5a9f96c4649c4fc02e0b",
          "version": null
        }
      },
      {
        "package": "LightweightCharts",
        "repositoryURL": "git@github.com:tradingview/LightweightChartsIOS.git",
        "state": {
          "branch": "feature/spm",
          "revision": "23533f67cdce04bb59a35a499c01b96e8fdfa3b2",
          "version": null
        }
      }
    ]
  },
  "version": 1
}
