PODS:
  - LightweightCharts (3.3.0)

DEPENDENCIES:
  - LightweightCharts (from `../`)

EXTERNAL SOURCES:
  LightweightCharts:
    :path: "../"

SPEC CHECKSUMS:
  LightweightCharts: 05a4b19200513eb5a063ff81b09b8e18aee3997e

PODFILE CHECKSUM: 10aa45b030d82b96cfc0e4e3b143c5488576107b

COCOAPODS: 1.9.3
