PODS:
  - LightweightCharts (3.5.0)

DEPENDENCIES:
  - LightweightCharts (from `../`)

EXTERNAL SOURCES:
  LightweightCharts:
    :path: "../"

SPEC CHECKSUMS:
  LightweightCharts: 9a374056b466a14aba9513907af6c6763a209cc3

PODFILE CHECKSUM: 10aa45b030d82b96cfc0e4e3b143c5488576107b

COCOAPODS: 1.10.1
