PODS:
  - LightweightCharts (4.0.1)

DEPENDENCIES:
  - LightweightCharts (from `../`)

EXTERNAL SOURCES:
  LightweightCharts:
    :path: "../"

SPEC CHECKSUMS:
  LightweightCharts: 4d7a9a82863240eb5e3ac69101ab4b4509ffb6c0

PODFILE CHECKSUM: 10aa45b030d82b96cfc0e4e3b143c5488576107b

COCOAPODS: 1.15.2
