// !$*UTF8*$!
{
	archiveVersion = 1;
	classes = {
	};
	objectVersion = 55;
	objects = {

/* Begin PBXBuildFile section */
		FA621D402720770A000F40B0 /* LightwehgitCharts.docc in Sources */ = {isa = PBXBuildFile; fileRef = FA621D3F2720770A000F40B0 /* LightwehgitCharts.docc */; };
		FA621D462720770A000F40B0 /* LightwehgitCharts.framework in Frameworks */ = {isa = PBXBuildFile; fileRef = FA621D3B2720770A000F40B0 /* LightwehgitCharts.framework */; };
		FA621D4B2720770A000F40B0 /* LightwehgitChartsTests.swift in Sources */ = {isa = PBXBuildFile; fileRef = FA621D4A2720770A000F40B0 /* LightwehgitChartsTests.swift */; };
		FA621D4C2720770A000F40B0 /* LightwehgitCharts.h in Headers */ = {isa = PBXBuildFile; fileRef = FA621D3E2720770A000F40B0 /* LightwehgitCharts.h */; settings = {ATTRIBUTES = (Public, ); }; };
/* End PBXBuildFile section */

/* Begin PBXContainerItemProxy section */
		FA621D472720770A000F40B0 /* PBXContainerItemProxy */ = {
			isa = PBXContainerItemProxy;
			containerPortal = FA621D322720770A000F40B0 /* Project object */;
			proxyType = 1;
			remoteGlobalIDString = FA621D3A2720770A000F40B0;
			remoteInfo = LightwehgitCharts;
		};
/* End PBXContainerItemProxy section */

/* Begin PBXFileReference section */
		FA621D3B2720770A000F40B0 /* LightwehgitCharts.framework */ = {isa = PBXFileReference; explicitFileType = wrapper.framework; includeInIndex = 0; path = LightwehgitCharts.framework; sourceTree = BUILT_PRODUCTS_DIR; };
		FA621D3E2720770A000F40B0 /* LightwehgitCharts.h */ = {isa = PBXFileReference; lastKnownFileType = sourcecode.c.h; path = LightwehgitCharts.h; sourceTree = "<group>"; };
		FA621D3F2720770A000F40B0 /* LightwehgitCharts.docc */ = {isa = PBXFileReference; lastKnownFileType = folder.documentationcatalog; path = LightwehgitCharts.docc; sourceTree = "<group>"; };
		FA621D452720770A000F40B0 /* LightwehgitChartsTests.xctest */ = {isa = PBXFileReference; explicitFileType = wrapper.cfbundle; includeInIndex = 0; path = LightwehgitChartsTests.xctest; sourceTree = BUILT_PRODUCTS_DIR; };
		FA621D4A2720770A000F40B0 /* LightwehgitChartsTests.swift */ = {isa = PBXFileReference; lastKnownFileType = sourcecode.swift; path = LightwehgitChartsTests.swift; sourceTree = "<group>"; };
/* End PBXFileReference section */

/* Begin PBXFrameworksBuildPhase section */
		FA621D382720770A000F40B0 /* Frameworks */ = {
			isa = PBXFrameworksBuildPhase;
			buildActionMask = 2147483647;
			files = (
			);
			runOnlyForDeploymentPostprocessing = 0;
		};
		FA621D422720770A000F40B0 /* Frameworks */ = {
			isa = PBXFrameworksBuildPhase;
			buildActionMask = 2147483647;
			files = (
				FA621D462720770A000F40B0 /* LightwehgitCharts.framework in Frameworks */,
			);
			runOnlyForDeploymentPostprocessing = 0;
		};
/* End PBXFrameworksBuildPhase section */

/* Begin PBXGroup section */
		FA621D312720770A000F40B0 = {
			isa = PBXGroup;
			children = (
				FA621D3D2720770A000F40B0 /* LightwehgitCharts */,
				FA621D492720770A000F40B0 /* LightwehgitChartsTests */,
				FA621D3C2720770A000F40B0 /* Products */,
			);
			sourceTree = "<group>";
		};
		FA621D3C2720770A000F40B0 /* Products */ = {
			isa = PBXGroup;
			children = (
				FA621D3B2720770A000F40B0 /* LightwehgitCharts.framework */,
				FA621D452720770A000F40B0 /* LightwehgitChartsTests.xctest */,
			);
			name = Products;
			sourceTree = "<group>";
		};
		FA621D3D2720770A000F40B0 /* LightwehgitCharts */ = {
			isa = PBXGroup;
			children = (
				FA621D3E2720770A000F40B0 /* LightwehgitCharts.h */,
				FA621D3F2720770A000F40B0 /* LightwehgitCharts.docc */,
			);
			path = LightwehgitCharts;
			sourceTree = "<group>";
		};
		FA621D492720770A000F40B0 /* LightwehgitChartsTests */ = {
			isa = PBXGroup;
			children = (
				FA621D4A2720770A000F40B0 /* LightwehgitChartsTests.swift */,
			);
			path = LightwehgitChartsTests;
			sourceTree = "<group>";
		};
/* End PBXGroup section */

/* Begin PBXHeadersBuildPhase section */
		FA621D362720770A000F40B0 /* Headers */ = {
			isa = PBXHeadersBuildPhase;
			buildActionMask = 2147483647;
			files = (
				FA621D4C2720770A000F40B0 /* LightwehgitCharts.h in Headers */,
			);
			runOnlyForDeploymentPostprocessing = 0;
		};
/* End PBXHeadersBuildPhase section */

/* Begin PBXNativeTarget section */
		FA621D3A2720770A000F40B0 /* LightwehgitCharts */ = {
			isa = PBXNativeTarget;
			buildConfigurationList = FA621D4F2720770A000F40B0 /* Build configuration list for PBXNativeTarget "LightwehgitCharts" */;
			buildPhases = (
				FA621D362720770A000F40B0 /* Headers */,
				FA621D372720770A000F40B0 /* Sources */,
				FA621D382720770A000F40B0 /* Frameworks */,
				FA621D392720770A000F40B0 /* Resources */,
			);
			buildRules = (
			);
			dependencies = (
			);
			name = LightwehgitCharts;
			productName = LightwehgitCharts;
			productReference = FA621D3B2720770A000F40B0 /* LightwehgitCharts.framework */;
			productType = "com.apple.product-type.framework";
		};
		FA621D442720770A000F40B0 /* LightwehgitChartsTests */ = {
			isa = PBXNativeTarget;
			buildConfigurationList = FA621D522720770A000F40B0 /* Build configuration list for PBXNativeTarget "LightwehgitChartsTests" */;
			buildPhases = (
				FA621D412720770A000F40B0 /* Sources */,
				FA621D422720770A000F40B0 /* Frameworks */,
				FA621D432720770A000F40B0 /* Resources */,
			);
			buildRules = (
			);
			dependencies = (
				FA621D482720770A000F40B0 /* PBXTargetDependency */,
			);
			name = LightwehgitChartsTests;
			productName = LightwehgitChartsTests;
			productReference = FA621D452720770A000F40B0 /* LightwehgitChartsTests.xctest */;
			productType = "com.apple.product-type.bundle.unit-test";
		};
/* End PBXNativeTarget section */

/* Begin PBXProject section */
		FA621D322720770A000F40B0 /* Project object */ = {
			isa = PBXProject;
			attributes = {
				BuildIndependentTargetsInParallel = 1;
				LastSwiftUpdateCheck = 1300;
				LastUpgradeCheck = 1300;
				TargetAttributes = {
					FA621D3A2720770A000F40B0 = {
						CreatedOnToolsVersion = 13.0;
					};
					FA621D442720770A000F40B0 = {
						CreatedOnToolsVersion = 13.0;
					};
				};
			};
			buildConfigurationList = FA621D352720770A000F40B0 /* Build configuration list for PBXProject "LightwehgitCharts" */;
			compatibilityVersion = "Xcode 13.0";
			developmentRegion = en;
			hasScannedForEncodings = 0;
			knownRegions = (
				en,
				Base,
			);
			mainGroup = FA621D312720770A000F40B0;
			productRefGroup = FA621D3C2720770A000F40B0 /* Products */;
			projectDirPath = "";
			projectRoot = "";
			targets = (
				FA621D3A2720770A000F40B0 /* LightwehgitCharts */,
				FA621D442720770A000F40B0 /* LightwehgitChartsTests */,
			);
		};
/* End PBXProject section */

/* Begin PBXResourcesBuildPhase section */
		FA621D392720770A000F40B0 /* Resources */ = {
			isa = PBXResourcesBuildPhase;
			buildActionMask = 2147483647;
			files = (
			);
			runOnlyForDeploymentPostprocessing = 0;
		};
		FA621D432720770A000F40B0 /* Resources */ = {
			isa = PBXResourcesBuildPhase;
			buildActionMask = 2147483647;
			files = (
			);
			runOnlyForDeploymentPostprocessing = 0;
		};
/* End PBXResourcesBuildPhase section */

/* Begin PBXSourcesBuildPhase section */
		FA621D372720770A000F40B0 /* Sources */ = {
			isa = PBXSourcesBuildPhase;
			buildActionMask = 2147483647;
			files = (
				FA621D402720770A000F40B0 /* LightwehgitCharts.docc in Sources */,
			);
			runOnlyForDeploymentPostprocessing = 0;
		};
		FA621D412720770A000F40B0 /* Sources */ = {
			isa = PBXSourcesBuildPhase;
			buildActionMask = 2147483647;
			files = (
				FA621D4B2720770A000F40B0 /* LightwehgitChartsTests.swift in Sources */,
			);
			runOnlyForDeploymentPostprocessing = 0;
		};
/* End PBXSourcesBuildPhase section */

/* Begin PBXTargetDependency section */
		FA621D482720770A000F40B0 /* PBXTargetDependency */ = {
			isa = PBXTargetDependency;
			target = FA621D3A2720770A000F40B0 /* LightwehgitCharts */;
			targetProxy = FA621D472720770A000F40B0 /* PBXContainerItemProxy */;
		};
/* End PBXTargetDependency section */

/* Begin XCBuildConfiguration section */
		FA621D4D2720770A000F40B0 /* Debug */ = {
			isa = XCBuildConfiguration;
			buildSettings = {
				ALWAYS_SEARCH_USER_PATHS = NO;
				CLANG_ANALYZER_NONNULL = YES;
				CLANG_ANALYZER_NUMBER_OBJECT_CONVERSION = YES_AGGRESSIVE;
				CLANG_CXX_LANGUAGE_STANDARD = "gnu++17";
				CLANG_CXX_LIBRARY = "libc++";
				CLANG_ENABLE_MODULES = YES;
				CLANG_ENABLE_OBJC_ARC = YES;
				CLANG_ENABLE_OBJC_WEAK = YES;
				CLANG_WARN_BLOCK_CAPTURE_AUTORELEASING = YES;
				CLANG_WARN_BOOL_CONVERSION = YES;
				CLANG_WARN_COMMA = YES;
				CLANG_WARN_CONSTANT_CONVERSION = YES;
				CLANG_WARN_DEPRECATED_OBJC_IMPLEMENTATIONS = YES;
				CLANG_WARN_DIRECT_OBJC_ISA_USAGE = YES_ERROR;
				CLANG_WARN_DOCUMENTATION_COMMENTS = YES;
				CLANG_WARN_EMPTY_BODY = YES;
				CLANG_WARN_ENUM_CONVERSION = YES;
				CLANG_WARN_INFINITE_RECURSION = YES;
				CLANG_WARN_INT_CONVERSION = YES;
				CLANG_WARN_NON_LITERAL_NULL_CONVERSION = YES;
				CLANG_WARN_OBJC_IMPLICIT_RETAIN_SELF = YES;
				CLANG_WARN_OBJC_LITERAL_CONVERSION = YES;
				CLANG_WARN_OBJC_ROOT_CLASS = YES_ERROR;
				CLANG_WARN_QUOTED_INCLUDE_IN_FRAMEWORK_HEADER = YES;
				CLANG_WARN_RANGE_LOOP_ANALYSIS = YES;
				CLANG_WARN_STRICT_PROTOTYPES = YES;
				CLANG_WARN_SUSPICIOUS_MOVE = YES;
				CLANG_WARN_UNGUARDED_AVAILABILITY = YES_AGGRESSIVE;
				CLANG_WARN_UNREACHABLE_CODE = YES;
				CLANG_WARN__DUPLICATE_METHOD_MATCH = YES;
				COPY_PHASE_STRIP = NO;
				CURRENT_PROJECT_VERSION = 1;
				DEBUG_INFORMATION_FORMAT = dwarf;
				ENABLE_STRICT_OBJC_MSGSEND = YES;
				ENABLE_TESTABILITY = YES;
				GCC_C_LANGUAGE_STANDARD = gnu11;
				GCC_DYNAMIC_NO_PIC = NO;
				GCC_NO_COMMON_BLOCKS = YES;
				GCC_OPTIMIZATION_LEVEL = 0;
				GCC_PREPROCESSOR_DEFINITIONS = (
					"DEBUG=1",
					"$(inherited)",
				);
				GCC_WARN_64_TO_32_BIT_CONVERSION = YES;
				GCC_WARN_ABOUT_RETURN_TYPE = YES_ERROR;
				GCC_WARN_UNDECLARED_SELECTOR = YES;
				GCC_WARN_UNINITIALIZED_AUTOS = YES_AGGRESSIVE;
				GCC_WARN_UNUSED_FUNCTION = YES;
				GCC_WARN_UNUSED_VARIABLE = YES;
				IPHONEOS_DEPLOYMENT_TARGET = 15.0;
				MTL_ENABLE_DEBUG_INFO = INCLUDE_SOURCE;
				MTL_FAST_MATH = YES;
				ONLY_ACTIVE_ARCH = YES;
				SDKROOT = iphoneos;
				SWIFT_ACTIVE_COMPILATION_CONDITIONS = DEBUG;
				SWIFT_OPTIMIZATION_LEVEL = "-Onone";
				VERSIONING_SYSTEM = "apple-generic";
				VERSION_INFO_PREFIX = "";
			};
			name = Debug;
		};
		FA621D4E2720770A000F40B0 /* Release */ = {
			isa = XCBuildConfiguration;
			buildSettings = {
				ALWAYS_SEARCH_USER_PATHS = NO;
				CLANG_ANALYZER_NONNULL = YES;
				CLANG_ANALYZER_NUMBER_OBJECT_CONVERSION = YES_AGGRESSIVE;
				CLANG_CXX_LANGUAGE_STANDARD = "gnu++17";
				CLANG_CXX_LIBRARY = "libc++";
				CLANG_ENABLE_MODULES = YES;
				CLANG_ENABLE_OBJC_ARC = YES;
				CLANG_ENABLE_OBJC_WEAK = YES;
				CLANG_WARN_BLOCK_CAPTURE_AUTORELEASING = YES;
				CLANG_WARN_BOOL_CONVERSION = YES;
				CLANG_WARN_COMMA = YES;
				CLANG_WARN_CONSTANT_CONVERSION = YES;
				CLANG_WARN_DEPRECATED_OBJC_IMPLEMENTATIONS = YES;
				CLANG_WARN_DIRECT_OBJC_ISA_USAGE = YES_ERROR;
				CLANG_WARN_DOCUMENTATION_COMMENTS = YES;
				CLANG_WARN_EMPTY_BODY = YES;
				CLANG_WARN_ENUM_CONVERSION = YES;
				CLANG_WARN_INFINITE_RECURSION = YES;
				CLANG_WARN_INT_CONVERSION = YES;
				CLANG_WARN_NON_LITERAL_NULL_CONVERSION = YES;
				CLANG_WARN_OBJC_IMPLICIT_RETAIN_SELF = YES;
				CLANG_WARN_OBJC_LITERAL_CONVERSION = YES;
				CLANG_WARN_OBJC_ROOT_CLASS = YES_ERROR;
				CLANG_WARN_QUOTED_INCLUDE_IN_FRAMEWORK_HEADER = YES;
				CLANG_WARN_RANGE_LOOP_ANALYSIS = YES;
				CLANG_WARN_STRICT_PROTOTYPES = YES;
				CLANG_WARN_SUSPICIOUS_MOVE = YES;
				CLANG_WARN_UNGUARDED_AVAILABILITY = YES_AGGRESSIVE;
				CLANG_WARN_UNREACHABLE_CODE = YES;
				CLANG_WARN__DUPLICATE_METHOD_MATCH = YES;
				COPY_PHASE_STRIP = NO;
				CURRENT_PROJECT_VERSION = 1;
				DEBUG_INFORMATION_FORMAT = "dwarf-with-dsym";
				ENABLE_NS_ASSERTIONS = NO;
				ENABLE_STRICT_OBJC_MSGSEND = YES;
				GCC_C_LANGUAGE_STANDARD = gnu11;
				GCC_NO_COMMON_BLOCKS = YES;
				GCC_WARN_64_TO_32_BIT_CONVERSION = YES;
				GCC_WARN_ABOUT_RETURN_TYPE = YES_ERROR;
				GCC_WARN_UNDECLARED_SELECTOR = YES;
				GCC_WARN_UNINITIALIZED_AUTOS = YES_AGGRESSIVE;
				GCC_WARN_UNUSED_FUNCTION = YES;
				GCC_WARN_UNUSED_VARIABLE = YES;
				IPHONEOS_DEPLOYMENT_TARGET = 15.0;
				MTL_ENABLE_DEBUG_INFO = NO;
				MTL_FAST_MATH = YES;
				SDKROOT = iphoneos;
				SWIFT_COMPILATION_MODE = wholemodule;
				SWIFT_OPTIMIZATION_LEVEL = "-O";
				VALIDATE_PRODUCT = YES;
				VERSIONING_SYSTEM = "apple-generic";
				VERSION_INFO_PREFIX = "";
			};
			name = Release;
		};
		FA621D502720770A000F40B0 /* Debug */ = {
			isa = XCBuildConfiguration;
			buildSettings = {
				CODE_SIGN_STYLE = Automatic;
				CURRENT_PROJECT_VERSION = 1;
				DEFINES_MODULE = YES;
				DYLIB_COMPATIBILITY_VERSION = 1;
				DYLIB_CURRENT_VERSION = 1;
				DYLIB_INSTALL_NAME_BASE = "@rpath";
				GENERATE_INFOPLIST_FILE = YES;
				INFOPLIST_KEY_NSHumanReadableCopyright = "";
				INSTALL_PATH = "$(LOCAL_LIBRARY_DIR)/Frameworks";
				LD_RUNPATH_SEARCH_PATHS = (
					"$(inherited)",
					"@executable_path/Frameworks",
					"@loader_path/Frameworks",
				);
				MARKETING_VERSION = 1.0;
				PRODUCT_BUNDLE_IDENTIFIER = com.tradingview.LightwehgitCharts;
				PRODUCT_NAME = "$(TARGET_NAME:c99extidentifier)";
				SKIP_INSTALL = YES;
				SWIFT_EMIT_LOC_STRINGS = YES;
				SWIFT_VERSION = 5.0;
				TARGETED_DEVICE_FAMILY = "1,2";
			};
			name = Debug;
		};
		FA621D512720770A000F40B0 /* Release */ = {
			isa = XCBuildConfiguration;
			buildSettings = {
				CODE_SIGN_STYLE = Automatic;
				CURRENT_PROJECT_VERSION = 1;
				DEFINES_MODULE = YES;
				DYLIB_COMPATIBILITY_VERSION = 1;
				DYLIB_CURRENT_VERSION = 1;
				DYLIB_INSTALL_NAME_BASE = "@rpath";
				GENERATE_INFOPLIST_FILE = YES;
				INFOPLIST_KEY_NSHumanReadableCopyright = "";
				INSTALL_PATH = "$(LOCAL_LIBRARY_DIR)/Frameworks";
				LD_RUNPATH_SEARCH_PATHS = (
					"$(inherited)",
					"@executable_path/Frameworks",
					"@loader_path/Frameworks",
				);
				MARKETING_VERSION = 1.0;
				PRODUCT_BUNDLE_IDENTIFIER = com.tradingview.LightwehgitCharts;
				PRODUCT_NAME = "$(TARGET_NAME:c99extidentifier)";
				SKIP_INSTALL = YES;
				SWIFT_EMIT_LOC_STRINGS = YES;
				SWIFT_VERSION = 5.0;
				TARGETED_DEVICE_FAMILY = "1,2";
			};
			name = Release;
		};
		FA621D532720770A000F40B0 /* Debug */ = {
			isa = XCBuildConfiguration;
			buildSettings = {
				CODE_SIGN_STYLE = Automatic;
				CURRENT_PROJECT_VERSION = 1;
				GENERATE_INFOPLIST_FILE = YES;
				LD_RUNPATH_SEARCH_PATHS = (
					"$(inherited)",
					"@executable_path/Frameworks",
					"@loader_path/Frameworks",
				);
				MARKETING_VERSION = 1.0;
				PRODUCT_BUNDLE_IDENTIFIER = com.tradingview.LightwehgitChartsTests;
				PRODUCT_NAME = "$(TARGET_NAME)";
				SWIFT_EMIT_LOC_STRINGS = NO;
				SWIFT_VERSION = 5.0;
				TARGETED_DEVICE_FAMILY = "1,2";
			};
			name = Debug;
		};
		FA621D542720770A000F40B0 /* Release */ = {
			isa = XCBuildConfiguration;
			buildSettings = {
				CODE_SIGN_STYLE = Automatic;
				CURRENT_PROJECT_VERSION = 1;
				GENERATE_INFOPLIST_FILE = YES;
				LD_RUNPATH_SEARCH_PATHS = (
					"$(inherited)",
					"@executable_path/Frameworks",
					"@loader_path/Frameworks",
				);
				MARKETING_VERSION = 1.0;
				PRODUCT_BUNDLE_IDENTIFIER = com.tradingview.LightwehgitChartsTests;
				PRODUCT_NAME = "$(TARGET_NAME)";
				SWIFT_EMIT_LOC_STRINGS = NO;
				SWIFT_VERSION = 5.0;
				TARGETED_DEVICE_FAMILY = "1,2";
			};
			name = Release;
		};
/* End XCBuildConfiguration section */

/* Begin XCConfigurationList section */
		FA621D352720770A000F40B0 /* Build configuration list for PBXProject "LightwehgitCharts" */ = {
			isa = XCConfigurationList;
			buildConfigurations = (
				FA621D4D2720770A000F40B0 /* Debug */,
				FA621D4E2720770A000F40B0 /* Release */,
			);
			defaultConfigurationIsVisible = 0;
			defaultConfigurationName = Release;
		};
		FA621D4F2720770A000F40B0 /* Build configuration list for PBXNativeTarget "LightwehgitCharts" */ = {
			isa = XCConfigurationList;
			buildConfigurations = (
				FA621D502720770A000F40B0 /* Debug */,
				FA621D512720770A000F40B0 /* Release */,
			);
			defaultConfigurationIsVisible = 0;
			defaultConfigurationName = Release;
		};
		FA621D522720770A000F40B0 /* Build configuration list for PBXNativeTarget "LightwehgitChartsTests" */ = {
			isa = XCConfigurationList;
			buildConfigurations = (
				FA621D532720770A000F40B0 /* Debug */,
				FA621D542720770A000F40B0 /* Release */,
			);
			defaultConfigurationIsVisible = 0;
			defaultConfigurationName = Release;
		};
/* End XCConfigurationList section */
	};
	rootObject = FA621D322720770A000F40B0 /* Project object */;
}
